
Microsoft Visual Studio Solution File, Format Version 12.00
# Visual Studio Version 17
VisualStudioVersion = 17.13.35919.96
MinimumVisualStudioVersion = 10.0.40219.1
Project("{FAE04EC0-301F-11D3-BF4B-00C04F79EFBC}") = "Engine", "src\Engine\Engine.csproj", "{33BF809F-9486-4FBD-B983-526B717A8FAB}"
EndProject
Project("{FAE04EC0-301F-11D3-BF4B-00C04F79EFBC}") = "Engine.Tests", "tests\Engine.Tests\Engine.Tests.csproj", "{730DBEC8-B4AD-4594-8C70-5C2410FA59F1}"
EndProject
Project("{2150E333-8FDC-42A3-9474-1A3956D46DE8}") = "SolutionItems", "SolutionItems", "{02EA681E-C7D8-13C7-8484-4AC65E1B71E8}"
	ProjectSection(SolutionItems) = preProject
		.gitignore = .gitignore
		readme.md = readme.md
	EndProjectSection
EndProject
Global
	GlobalSection(SolutionConfigurationPlatforms) = preSolution
		Debug|Any CPU = Debug|Any CPU
		Release|Any CPU = Release|Any CPU
	EndGlobalSection
	GlobalSection(ProjectConfigurationPlatforms) = postSolution
		{33BF809F-9486-4FBD-B983-526B717A8FAB}.Debug|Any CPU.ActiveCfg = Debug|Any CPU
		{33BF809F-9486-4FBD-B983-526B717A8FAB}.Debug|Any CPU.Build.0 = Debug|Any CPU
		{33BF809F-9486-4FBD-B983-526B717A8FAB}.Release|Any CPU.ActiveCfg = Release|Any CPU
		{33BF809F-9486-4FBD-B983-526B717A8FAB}.Release|Any CPU.Build.0 = Release|Any CPU
		{730DBEC8-B4AD-4594-8C70-5C2410FA59F1}.Debug|Any CPU.ActiveCfg = Debug|Any CPU
		{730DBEC8-B4AD-4594-8C70-5C2410FA59F1}.Debug|Any CPU.Build.0 = Debug|Any CPU
		{730DBEC8-B4AD-4594-8C70-5C2410FA59F1}.Release|Any CPU.ActiveCfg = Release|Any CPU
		{730DBEC8-B4AD-4594-8C70-5C2410FA59F1}.Release|Any CPU.Build.0 = Release|Any CPU
	EndGlobalSection
	GlobalSection(SolutionProperties) = preSolution
		HideSolutionNode = FALSE
	EndGlobalSection
	GlobalSection(ExtensibilityGlobals) = postSolution
		SolutionGuid = {4199DCC8-32EA-4997-805A-72B284429E31}
	EndGlobalSection
EndGlobal
